{
  "object": {
    "pins": [
      {
        "package": "SSUtils",
        "repositoryURL": "https://github.com/SebastianStasz/SSUtils",
        "state": {
          "branch": "master",
          "revision": "63c148effcc90ca1e88d627d5db5c36add9de467",
          "version": null
        }
      },
      {
        "package": "SwiftSoup",
        "repositoryURL": "https://github.com/scinfu/SwiftSoup",
        "state": {
          "branch": null,
          "revision": "02c63b7be50bda384f22c56c64d347231754a07e",
          "version": "2.3.3"
        }
      }
    ]
  },
  "version": 1
}
