// !$*UTF8*$!
{
	archiveVersion = 1;
	classes = {
	};
	objectVersion = 55;
	objects = {

/* Begin PBXBuildFile section */
		FC1677F1273B09A1000F3005 /* UEKScheduleCoreData in Frameworks */ = {isa = PBXBuildFile; productRef = FC1677F0273B09A1000F3005 /* UEKScheduleCoreData */; };
		FC5CDE3D273FC9420079D003 /* ObservedFacultiesView.swift in Sources */ = {isa = PBXBuildFile; fileRef = FC5CDE3C273FC9420079D003 /* ObservedFacultiesView.swift */; };
		FC8E150A2715A86100A242D4 /* UserDefaultsKey.swift in Sources */ = {isa = PBXBuildFile; fileRef = FC8E15092715A86100A242D4 /* UserDefaultsKey.swift */; };
		FCB9FEBB273843D2001EA79E /* Text+Ext.swift in Sources */ = {isa = PBXBuildFile; fileRef = FCB9FEBA273843D2001EA79E /* Text+Ext.swift */; };
		FCB9FEBD273844CF001EA79E /* Button+Ext.swift in Sources */ = {isa = PBXBuildFile; fileRef = FCB9FEBC273844CF001EA79E /* Button+Ext.swift */; };
		FCD9B3FD27369DBE002365B0 /* SSUtils in Frameworks */ = {isa = PBXBuildFile; productRef = FCD9B3FC27369DBE002365B0 /* SSUtils */; };
		FCDA3B2B271559F900BBF08D /* Localizable.strings in Resources */ = {isa = PBXBuildFile; fileRef = FCDA3B2D271559F900BBF08D /* Localizable.strings */; };
		FCDA3B3227155B8500BBF08D /* Language.swift in Sources */ = {isa = PBXBuildFile; fileRef = FCDA3B3127155B8500BBF08D /* Language.swift */; };
		FCDA3B342715704A00BBF08D /* ScheduleNavigator.swift in Sources */ = {isa = PBXBuildFile; fileRef = FCDA3B332715704A00BBF08D /* ScheduleNavigator.swift */; };
		FCDA3B362715756D00BBF08D /* AppError.swift in Sources */ = {isa = PBXBuildFile; fileRef = FCDA3B352715756D00BBF08D /* AppError.swift */; };
		FCDA3B3827157C6500BBF08D /* Typography.swift in Sources */ = {isa = PBXBuildFile; fileRef = FCDA3B3727157C6500BBF08D /* Typography.swift */; };
		FCDA3B3B27157DA900BBF08D /* TextButtonStyle.swift in Sources */ = {isa = PBXBuildFile; fileRef = FCDA3B3A27157DA900BBF08D /* TextButtonStyle.swift */; };
		FCEF432F270E37DD0073E566 /* UEKScheduleApp.swift in Sources */ = {isa = PBXBuildFile; fileRef = FCEF432E270E37DD0073E566 /* UEKScheduleApp.swift */; };
		FCEF4333270E37E10073E566 /* Assets.xcassets in Resources */ = {isa = PBXBuildFile; fileRef = FCEF4332270E37E10073E566 /* Assets.xcassets */; };
		FCEF4336270E37E10073E566 /* Preview Assets.xcassets in Resources */ = {isa = PBXBuildFile; fileRef = FCEF4335270E37E10073E566 /* Preview Assets.xcassets */; };
		FCF235112712C9D200E717D5 /* FacultiesView.swift in Sources */ = {isa = PBXBuildFile; fileRef = FCF235102712C9D200E717D5 /* FacultiesView.swift */; };
		FCF235132712CA0F00E717D5 /* FacultiesVM.swift in Sources */ = {isa = PBXBuildFile; fileRef = FCF235122712CA0F00E717D5 /* FacultiesVM.swift */; };
		FCF235182712CE7B00E717D5 /* APIService.swift in Sources */ = {isa = PBXBuildFile; fileRef = FCF235172712CE7B00E717D5 /* APIService.swift */; };
		FCF2351B2712DAA400E717D5 /* Array+Ext.swift in Sources */ = {isa = PBXBuildFile; fileRef = FCF2351A2712DAA400E717D5 /* Array+Ext.swift */; };
		FCF235232712EEB300E717D5 /* FacultyGroupsView.swift in Sources */ = {isa = PBXBuildFile; fileRef = FCF235222712EEB300E717D5 /* FacultyGroupsView.swift */; };
		FCF235252712EEC600E717D5 /* FacultyGroupsVM.swift in Sources */ = {isa = PBXBuildFile; fileRef = FCF235242712EEC600E717D5 /* FacultyGroupsVM.swift */; };
		FCF235292712F48100E717D5 /* ScheduleGroup.swift in Sources */ = {isa = PBXBuildFile; fileRef = FCF235282712F48100E717D5 /* ScheduleGroup.swift */; };
		FCF2352F2712F7BA00E717D5 /* LoadingIndicator.swift in Sources */ = {isa = PBXBuildFile; fileRef = FCF2352E2712F7BA00E717D5 /* LoadingIndicator.swift */; };
		FCF2353227130BC300E717D5 /* ScheduleView.swift in Sources */ = {isa = PBXBuildFile; fileRef = FCF2353127130BC300E717D5 /* ScheduleView.swift */; };
		FCF2353427130C1100E717D5 /* ScheduleVM.swift in Sources */ = {isa = PBXBuildFile; fileRef = FCF2353327130C1100E717D5 /* ScheduleVM.swift */; };
		FCF235372713178800E717D5 /* Event.swift in Sources */ = {isa = PBXBuildFile; fileRef = FCF235362713178800E717D5 /* Event.swift */; };
		FCF2353A2713292700E717D5 /* EventList.swift in Sources */ = {isa = PBXBuildFile; fileRef = FCF235392713292700E717D5 /* EventList.swift */; };
		FCF2353E27132FF700E717D5 /* CalendarService.swift in Sources */ = {isa = PBXBuildFile; fileRef = FCF2353D27132FF700E717D5 /* CalendarService.swift */; };
		FCF2354027133A3400E717D5 /* View+Navigation.swift in Sources */ = {isa = PBXBuildFile; fileRef = FCF2353F27133A3400E717D5 /* View+Navigation.swift */; };
		FCF235422713483300E717D5 /* DateService.swift in Sources */ = {isa = PBXBuildFile; fileRef = FCF235412713483300E717D5 /* DateService.swift */; };
		FCF235462713527800E717D5 /* SFSymbol.swift in Sources */ = {isa = PBXBuildFile; fileRef = FCF235452713527800E717D5 /* SFSymbol.swift */; };
		FCF235492713531200E717D5 /* AboutView.swift in Sources */ = {isa = PBXBuildFile; fileRef = FCF235482713531200E717D5 /* AboutView.swift */; };
		FCF2354D2713551A00E717D5 /* FacultiesService.swift in Sources */ = {isa = PBXBuildFile; fileRef = FCF2354C2713551A00E717D5 /* FacultiesService.swift */; };
		FCF2354F2713560E00E717D5 /* FacultyGroupsService.swift in Sources */ = {isa = PBXBuildFile; fileRef = FCF2354E2713560E00E717D5 /* FacultyGroupsService.swift */; };
		FCF235512713575C00E717D5 /* ScheduleService.swift in Sources */ = {isa = PBXBuildFile; fileRef = FCF235502713575C00E717D5 /* ScheduleService.swift */; };
		FCF408CF2711DDF900F24340 /* SwiftSoup in Frameworks */ = {isa = PBXBuildFile; productRef = FCF408CE2711DDF900F24340 /* SwiftSoup */; };
/* End PBXBuildFile section */

/* Begin PBXFileReference section */
		FC5CDE3C273FC9420079D003 /* ObservedFacultiesView.swift */ = {isa = PBXFileReference; lastKnownFileType = sourcecode.swift; path = ObservedFacultiesView.swift; sourceTree = "<group>"; };
		FC8E15092715A86100A242D4 /* UserDefaultsKey.swift */ = {isa = PBXFileReference; lastKnownFileType = sourcecode.swift; path = UserDefaultsKey.swift; sourceTree = "<group>"; };
		FCB9FEBA273843D2001EA79E /* Text+Ext.swift */ = {isa = PBXFileReference; lastKnownFileType = sourcecode.swift; path = "Text+Ext.swift"; sourceTree = "<group>"; };
		FCB9FEBC273844CF001EA79E /* Button+Ext.swift */ = {isa = PBXFileReference; lastKnownFileType = sourcecode.swift; path = "Button+Ext.swift"; sourceTree = "<group>"; };
		FCC2585B273AE81200094EBE /* UEKScheduleCoreData */ = {isa = PBXFileReference; lastKnownFileType = folder; name = UEKScheduleCoreData; path = Packages/UEKScheduleCoreData; sourceTree = "<group>"; };
		FCDA3B2C271559F900BBF08D /* en */ = {isa = PBXFileReference; lastKnownFileType = text.plist.strings; name = en; path = en.lproj/Localizable.strings; sourceTree = "<group>"; };
		FCDA3B2E27155AE500BBF08D /* pl */ = {isa = PBXFileReference; lastKnownFileType = text.plist.strings; name = pl; path = pl.lproj/Localizable.strings; sourceTree = "<group>"; };
		FCDA3B3127155B8500BBF08D /* Language.swift */ = {isa = PBXFileReference; lastKnownFileType = sourcecode.swift; path = Language.swift; sourceTree = "<group>"; };
		FCDA3B332715704A00BBF08D /* ScheduleNavigator.swift */ = {isa = PBXFileReference; lastKnownFileType = sourcecode.swift; path = ScheduleNavigator.swift; sourceTree = "<group>"; };
		FCDA3B352715756D00BBF08D /* AppError.swift */ = {isa = PBXFileReference; lastKnownFileType = sourcecode.swift; path = AppError.swift; sourceTree = "<group>"; };
		FCDA3B3727157C6500BBF08D /* Typography.swift */ = {isa = PBXFileReference; lastKnownFileType = sourcecode.swift; path = Typography.swift; sourceTree = "<group>"; };
		FCDA3B3A27157DA900BBF08D /* TextButtonStyle.swift */ = {isa = PBXFileReference; lastKnownFileType = sourcecode.swift; path = TextButtonStyle.swift; sourceTree = "<group>"; };
		FCEF432B270E37DD0073E566 /* UEKSchedule.app */ = {isa = PBXFileReference; explicitFileType = wrapper.application; includeInIndex = 0; path = UEKSchedule.app; sourceTree = BUILT_PRODUCTS_DIR; };
		FCEF432E270E37DD0073E566 /* UEKScheduleApp.swift */ = {isa = PBXFileReference; lastKnownFileType = sourcecode.swift; path = UEKScheduleApp.swift; sourceTree = "<group>"; };
		FCEF4332270E37E10073E566 /* Assets.xcassets */ = {isa = PBXFileReference; lastKnownFileType = folder.assetcatalog; path = Assets.xcassets; sourceTree = "<group>"; };
		FCEF4335270E37E10073E566 /* Preview Assets.xcassets */ = {isa = PBXFileReference; lastKnownFileType = folder.assetcatalog; path = "Preview Assets.xcassets"; sourceTree = "<group>"; };
		FCEF433E270E3A5D0073E566 /* Info.plist */ = {isa = PBXFileReference; lastKnownFileType = text.plist; path = Info.plist; sourceTree = "<group>"; };
		FCF235102712C9D200E717D5 /* FacultiesView.swift */ = {isa = PBXFileReference; lastKnownFileType = sourcecode.swift; path = FacultiesView.swift; sourceTree = "<group>"; };
		FCF235122712CA0F00E717D5 /* FacultiesVM.swift */ = {isa = PBXFileReference; lastKnownFileType = sourcecode.swift; path = FacultiesVM.swift; sourceTree = "<group>"; };
		FCF235172712CE7B00E717D5 /* APIService.swift */ = {isa = PBXFileReference; lastKnownFileType = sourcecode.swift; path = APIService.swift; sourceTree = "<group>"; };
		FCF2351A2712DAA400E717D5 /* Array+Ext.swift */ = {isa = PBXFileReference; lastKnownFileType = sourcecode.swift; path = "Array+Ext.swift"; sourceTree = "<group>"; };
		FCF235222712EEB300E717D5 /* FacultyGroupsView.swift */ = {isa = PBXFileReference; lastKnownFileType = sourcecode.swift; path = FacultyGroupsView.swift; sourceTree = "<group>"; };
		FCF235242712EEC600E717D5 /* FacultyGroupsVM.swift */ = {isa = PBXFileReference; lastKnownFileType = sourcecode.swift; path = FacultyGroupsVM.swift; sourceTree = "<group>"; };
		FCF235282712F48100E717D5 /* ScheduleGroup.swift */ = {isa = PBXFileReference; lastKnownFileType = sourcecode.swift; path = ScheduleGroup.swift; sourceTree = "<group>"; };
		FCF2352E2712F7BA00E717D5 /* LoadingIndicator.swift */ = {isa = PBXFileReference; lastKnownFileType = sourcecode.swift; path = LoadingIndicator.swift; sourceTree = "<group>"; };
		FCF2353127130BC300E717D5 /* ScheduleView.swift */ = {isa = PBXFileReference; lastKnownFileType = sourcecode.swift; path = ScheduleView.swift; sourceTree = "<group>"; };
		FCF2353327130C1100E717D5 /* ScheduleVM.swift */ = {isa = PBXFileReference; lastKnownFileType = sourcecode.swift; path = ScheduleVM.swift; sourceTree = "<group>"; };
		FCF235362713178800E717D5 /* Event.swift */ = {isa = PBXFileReference; lastKnownFileType = sourcecode.swift; path = Event.swift; sourceTree = "<group>"; };
		FCF235392713292700E717D5 /* EventList.swift */ = {isa = PBXFileReference; lastKnownFileType = sourcecode.swift; path = EventList.swift; sourceTree = "<group>"; };
		FCF2353D27132FF700E717D5 /* CalendarService.swift */ = {isa = PBXFileReference; lastKnownFileType = sourcecode.swift; path = CalendarService.swift; sourceTree = "<group>"; };
		FCF2353F27133A3400E717D5 /* View+Navigation.swift */ = {isa = PBXFileReference; lastKnownFileType = sourcecode.swift; path = "View+Navigation.swift"; sourceTree = "<group>"; };
		FCF235412713483300E717D5 /* DateService.swift */ = {isa = PBXFileReference; lastKnownFileType = sourcecode.swift; path = DateService.swift; sourceTree = "<group>"; };
		FCF235452713527800E717D5 /* SFSymbol.swift */ = {isa = PBXFileReference; lastKnownFileType = sourcecode.swift; path = SFSymbol.swift; sourceTree = "<group>"; };
		FCF235482713531200E717D5 /* AboutView.swift */ = {isa = PBXFileReference; lastKnownFileType = sourcecode.swift; path = AboutView.swift; sourceTree = "<group>"; };
		FCF2354C2713551A00E717D5 /* FacultiesService.swift */ = {isa = PBXFileReference; lastKnownFileType = sourcecode.swift; path = FacultiesService.swift; sourceTree = "<group>"; };
		FCF2354E2713560E00E717D5 /* FacultyGroupsService.swift */ = {isa = PBXFileReference; lastKnownFileType = sourcecode.swift; path = FacultyGroupsService.swift; sourceTree = "<group>"; };
		FCF235502713575C00E717D5 /* ScheduleService.swift */ = {isa = PBXFileReference; lastKnownFileType = sourcecode.swift; path = ScheduleService.swift; sourceTree = "<group>"; };
/* End PBXFileReference section */

/* Begin PBXFrameworksBuildPhase section */
		FCEF4328270E37DD0073E566 /* Frameworks */ = {
			isa = PBXFrameworksBuildPhase;
			buildActionMask = 2147483647;
			files = (
				FCD9B3FD27369DBE002365B0 /* SSUtils in Frameworks */,
				FCF408CF2711DDF900F24340 /* SwiftSoup in Frameworks */,
				FC1677F1273B09A1000F3005 /* UEKScheduleCoreData in Frameworks */,
			);
			runOnlyForDeploymentPostprocessing = 0;
		};
/* End PBXFrameworksBuildPhase section */

/* Begin PBXGroup section */
		FC1677EF273B09A1000F3005 /* Frameworks */ = {
			isa = PBXGroup;
			children = (
			);
			name = Frameworks;
			sourceTree = "<group>";
		};
		FCDA3B2F27155B2F00BBF08D /* Helpers */ = {
			isa = PBXGroup;
			children = (
				FCF235452713527800E717D5 /* SFSymbol.swift */,
				FCDA3B3127155B8500BBF08D /* Language.swift */,
				FC8E15092715A86100A242D4 /* UserDefaultsKey.swift */,
			);
			path = Helpers;
			sourceTree = "<group>";
		};
		FCDA3B3027155B6400BBF08D /* Services */ = {
			isa = PBXGroup;
			children = (
				FCF235172712CE7B00E717D5 /* APIService.swift */,
				FCF2353D27132FF700E717D5 /* CalendarService.swift */,
				FCF235412713483300E717D5 /* DateService.swift */,
			);
			path = Services;
			sourceTree = "<group>";
		};
		FCDA3B3927157D7E00BBF08D /* Design */ = {
			isa = PBXGroup;
			children = (
				FCDA3B3727157C6500BBF08D /* Typography.swift */,
				FCDA3B3A27157DA900BBF08D /* TextButtonStyle.swift */,
			);
			path = Design;
			sourceTree = "<group>";
		};
		FCEF4322270E37DD0073E566 = {
			isa = PBXGroup;
			children = (
				FCC2585B273AE81200094EBE /* UEKScheduleCoreData */,
				FCEF432D270E37DD0073E566 /* UEKSchedule */,
				FCEF432C270E37DD0073E566 /* Products */,
				FC1677EF273B09A1000F3005 /* Frameworks */,
			);
			sourceTree = "<group>";
		};
		FCEF432C270E37DD0073E566 /* Products */ = {
			isa = PBXGroup;
			children = (
				FCEF432B270E37DD0073E566 /* UEKSchedule.app */,
			);
			name = Products;
			sourceTree = "<group>";
		};
		FCEF432D270E37DD0073E566 /* UEKSchedule */ = {
			isa = PBXGroup;
			children = (
				FCEF433E270E3A5D0073E566 /* Info.plist */,
				FCEF432E270E37DD0073E566 /* UEKScheduleApp.swift */,
				FCDA3B3927157D7E00BBF08D /* Design */,
				FCDA3B3027155B6400BBF08D /* Services */,
				FCDA3B2F27155B2F00BBF08D /* Helpers */,
				FCF2352D2712F7AA00E717D5 /* Views */,
				FCF235192712DA9700E717D5 /* Extensions */,
				FCF235352713175B00E717D5 /* Models */,
				FCF2352C2712F79D00E717D5 /* Scenes */,
				FCF23538271317F500E717D5 /* SupportingFiles */,
				FCEF4334270E37E10073E566 /* Preview Content */,
			);
			path = UEKSchedule;
			sourceTree = "<group>";
		};
		FCEF4334270E37E10073E566 /* Preview Content */ = {
			isa = PBXGroup;
			children = (
				FCEF4335270E37E10073E566 /* Preview Assets.xcassets */,
			);
			path = "Preview Content";
			sourceTree = "<group>";
		};
		FCF235162712CAA800E717D5 /* FacultiesList */ = {
			isa = PBXGroup;
			children = (
				FCF235102712C9D200E717D5 /* FacultiesView.swift */,
				FCF235122712CA0F00E717D5 /* FacultiesVM.swift */,
				FC5CDE3C273FC9420079D003 /* ObservedFacultiesView.swift */,
				FCF2354C2713551A00E717D5 /* FacultiesService.swift */,
			);
			path = FacultiesList;
			sourceTree = "<group>";
		};
		FCF235192712DA9700E717D5 /* Extensions */ = {
			isa = PBXGroup;
			children = (
				FCF2351A2712DAA400E717D5 /* Array+Ext.swift */,
				FCF2353F27133A3400E717D5 /* View+Navigation.swift */,
				FCB9FEBA273843D2001EA79E /* Text+Ext.swift */,
				FCB9FEBC273844CF001EA79E /* Button+Ext.swift */,
			);
			path = Extensions;
			sourceTree = "<group>";
		};
		FCF235212712EE9400E717D5 /* FacultyGroups */ = {
			isa = PBXGroup;
			children = (
				FCF235222712EEB300E717D5 /* FacultyGroupsView.swift */,
				FCF235242712EEC600E717D5 /* FacultyGroupsVM.swift */,
				FCF2354E2713560E00E717D5 /* FacultyGroupsService.swift */,
			);
			path = FacultyGroups;
			sourceTree = "<group>";
		};
		FCF2352C2712F79D00E717D5 /* Scenes */ = {
			isa = PBXGroup;
			children = (
				FCF235472713530600E717D5 /* About */,
				FCF2353027130BB000E717D5 /* Schedule */,
				FCF235212712EE9400E717D5 /* FacultyGroups */,
				FCF235162712CAA800E717D5 /* FacultiesList */,
				FCF235392713292700E717D5 /* EventList.swift */,
			);
			path = Scenes;
			sourceTree = "<group>";
		};
		FCF2352D2712F7AA00E717D5 /* Views */ = {
			isa = PBXGroup;
			children = (
				FCF2352E2712F7BA00E717D5 /* LoadingIndicator.swift */,
			);
			path = Views;
			sourceTree = "<group>";
		};
		FCF2353027130BB000E717D5 /* Schedule */ = {
			isa = PBXGroup;
			children = (
				FCF2353127130BC300E717D5 /* ScheduleView.swift */,
				FCDA3B332715704A00BBF08D /* ScheduleNavigator.swift */,
				FCF2353327130C1100E717D5 /* ScheduleVM.swift */,
				FCF235502713575C00E717D5 /* ScheduleService.swift */,
			);
			path = Schedule;
			sourceTree = "<group>";
		};
		FCF235352713175B00E717D5 /* Models */ = {
			isa = PBXGroup;
			children = (
				FCF235282712F48100E717D5 /* ScheduleGroup.swift */,
				FCF235362713178800E717D5 /* Event.swift */,
				FCDA3B352715756D00BBF08D /* AppError.swift */,
			);
			path = Models;
			sourceTree = "<group>";
		};
		FCF23538271317F500E717D5 /* SupportingFiles */ = {
			isa = PBXGroup;
			children = (
				FCEF4332270E37E10073E566 /* Assets.xcassets */,
				FCDA3B2D271559F900BBF08D /* Localizable.strings */,
			);
			path = SupportingFiles;
			sourceTree = "<group>";
		};
		FCF235472713530600E717D5 /* About */ = {
			isa = PBXGroup;
			children = (
				FCF235482713531200E717D5 /* AboutView.swift */,
			);
			path = About;
			sourceTree = "<group>";
		};
/* End PBXGroup section */

/* Begin PBXNativeTarget section */
		FCEF432A270E37DD0073E566 /* UEKSchedule */ = {
			isa = PBXNativeTarget;
			buildConfigurationList = FCEF4339270E37E10073E566 /* Build configuration list for PBXNativeTarget "UEKSchedule" */;
			buildPhases = (
				FCEF4327270E37DD0073E566 /* Sources */,
				FCEF4328270E37DD0073E566 /* Frameworks */,
				FCEF4329270E37DD0073E566 /* Resources */,
			);
			buildRules = (
			);
			dependencies = (
				FCA281E0273B084F00483217 /* PBXTargetDependency */,
			);
			name = UEKSchedule;
			packageProductDependencies = (
				FCF408CE2711DDF900F24340 /* SwiftSoup */,
				FCD9B3FC27369DBE002365B0 /* SSUtils */,
				FC1677F0273B09A1000F3005 /* UEKScheduleCoreData */,
			);
			productName = UEKSchedule;
			productReference = FCEF432B270E37DD0073E566 /* UEKSchedule.app */;
			productType = "com.apple.product-type.application";
		};
/* End PBXNativeTarget section */

/* Begin PBXProject section */
		FCEF4323270E37DD0073E566 /* Project object */ = {
			isa = PBXProject;
			attributes = {
				BuildIndependentTargetsInParallel = 1;
				LastSwiftUpdateCheck = 1300;
				LastUpgradeCheck = 1300;
				TargetAttributes = {
					FCEF432A270E37DD0073E566 = {
						CreatedOnToolsVersion = 13.0;
					};
				};
			};
			buildConfigurationList = FCEF4326270E37DD0073E566 /* Build configuration list for PBXProject "UEKSchedule" */;
			compatibilityVersion = "Xcode 13.0";
			developmentRegion = en;
			hasScannedForEncodings = 0;
			knownRegions = (
				en,
				Base,
				pl,
			);
			mainGroup = FCEF4322270E37DD0073E566;
			packageReferences = (
				FCF408CD2711DDF900F24340 /* XCRemoteSwiftPackageReference "SwiftSoup" */,
				FCD9B3FB27369DBE002365B0 /* XCRemoteSwiftPackageReference "SSUtils" */,
			);
			productRefGroup = FCEF432C270E37DD0073E566 /* Products */;
			projectDirPath = "";
			projectRoot = "";
			targets = (
				FCEF432A270E37DD0073E566 /* UEKSchedule */,
			);
		};
/* End PBXProject section */

/* Begin PBXResourcesBuildPhase section */
		FCEF4329270E37DD0073E566 /* Resources */ = {
			isa = PBXResourcesBuildPhase;
			buildActionMask = 2147483647;
			files = (
				FCEF4336270E37E10073E566 /* Preview Assets.xcassets in Resources */,
				FCDA3B2B271559F900BBF08D /* Localizable.strings in Resources */,
				FCEF4333270E37E10073E566 /* Assets.xcassets in Resources */,
			);
			runOnlyForDeploymentPostprocessing = 0;
		};
/* End PBXResourcesBuildPhase section */

/* Begin PBXSourcesBuildPhase section */
		FCEF4327270E37DD0073E566 /* Sources */ = {
			isa = PBXSourcesBuildPhase;
			buildActionMask = 2147483647;
			files = (
				FCEF432F270E37DD0073E566 /* UEKScheduleApp.swift in Sources */,
				FCF235462713527800E717D5 /* SFSymbol.swift in Sources */,
				FCF2354F2713560E00E717D5 /* FacultyGroupsService.swift in Sources */,
				FCF2353227130BC300E717D5 /* ScheduleView.swift in Sources */,
				FCDA3B342715704A00BBF08D /* ScheduleNavigator.swift in Sources */,
				FCF235512713575C00E717D5 /* ScheduleService.swift in Sources */,
				FCF2353427130C1100E717D5 /* ScheduleVM.swift in Sources */,
				FCF2354027133A3400E717D5 /* View+Navigation.swift in Sources */,
				FCDA3B3827157C6500BBF08D /* Typography.swift in Sources */,
				FCDA3B3B27157DA900BBF08D /* TextButtonStyle.swift in Sources */,
				FCF235292712F48100E717D5 /* ScheduleGroup.swift in Sources */,
				FC5CDE3D273FC9420079D003 /* ObservedFacultiesView.swift in Sources */,
				FCF235252712EEC600E717D5 /* FacultyGroupsVM.swift in Sources */,
				FCB9FEBD273844CF001EA79E /* Button+Ext.swift in Sources */,
				FCF235372713178800E717D5 /* Event.swift in Sources */,
				FCF2354D2713551A00E717D5 /* FacultiesService.swift in Sources */,
				FC8E150A2715A86100A242D4 /* UserDefaultsKey.swift in Sources */,
				FCF2353A2713292700E717D5 /* EventList.swift in Sources */,
				FCF235182712CE7B00E717D5 /* APIService.swift in Sources */,
				FCF235422713483300E717D5 /* DateService.swift in Sources */,
				FCF2351B2712DAA400E717D5 /* Array+Ext.swift in Sources */,
				FCF2353E27132FF700E717D5 /* CalendarService.swift in Sources */,
				FCF235232712EEB300E717D5 /* FacultyGroupsView.swift in Sources */,
				FCDA3B3227155B8500BBF08D /* Language.swift in Sources */,
				FCB9FEBB273843D2001EA79E /* Text+Ext.swift in Sources */,
				FCF2352F2712F7BA00E717D5 /* LoadingIndicator.swift in Sources */,
				FCF235132712CA0F00E717D5 /* FacultiesVM.swift in Sources */,
				FCF235112712C9D200E717D5 /* FacultiesView.swift in Sources */,
				FCDA3B362715756D00BBF08D /* AppError.swift in Sources */,
				FCF235492713531200E717D5 /* AboutView.swift in Sources */,
			);
			runOnlyForDeploymentPostprocessing = 0;
		};
/* End PBXSourcesBuildPhase section */

/* Begin PBXTargetDependency section */
		FCA281E0273B084F00483217 /* PBXTargetDependency */ = {
			isa = PBXTargetDependency;
			productRef = FCA281DF273B084F00483217 /* UEKScheduleCoreData */;
		};
/* End PBXTargetDependency section */

/* Begin PBXVariantGroup section */
		FCDA3B2D271559F900BBF08D /* Localizable.strings */ = {
			isa = PBXVariantGroup;
			children = (
				FCDA3B2C271559F900BBF08D /* en */,
				FCDA3B2E27155AE500BBF08D /* pl */,
			);
			name = Localizable.strings;
			sourceTree = "<group>";
		};
/* End PBXVariantGroup section */

/* Begin XCBuildConfiguration section */
		FCEF4337270E37E10073E566 /* Debug */ = {
			isa = XCBuildConfiguration;
			buildSettings = {
				ALWAYS_SEARCH_USER_PATHS = NO;
				CLANG_ANALYZER_LOCALIZABILITY_NONLOCALIZED = YES;
				CLANG_ANALYZER_NONNULL = YES;
				CLANG_ANALYZER_NUMBER_OBJECT_CONVERSION = YES_AGGRESSIVE;
				CLANG_CXX_LANGUAGE_STANDARD = "gnu++17";
				CLANG_CXX_LIBRARY = "libc++";
				CLANG_ENABLE_MODULES = YES;
				CLANG_ENABLE_OBJC_ARC = YES;
				CLANG_ENABLE_OBJC_WEAK = YES;
				CLANG_WARN_BLOCK_CAPTURE_AUTORELEASING = YES;
				CLANG_WARN_BOOL_CONVERSION = YES;
				CLANG_WARN_COMMA = YES;
				CLANG_WARN_CONSTANT_CONVERSION = YES;
				CLANG_WARN_DEPRECATED_OBJC_IMPLEMENTATIONS = YES;
				CLANG_WARN_DIRECT_OBJC_ISA_USAGE = YES_ERROR;
				CLANG_WARN_DOCUMENTATION_COMMENTS = YES;
				CLANG_WARN_EMPTY_BODY = YES;
				CLANG_WARN_ENUM_CONVERSION = YES;
				CLANG_WARN_INFINITE_RECURSION = YES;
				CLANG_WARN_INT_CONVERSION = YES;
				CLANG_WARN_NON_LITERAL_NULL_CONVERSION = YES;
				CLANG_WARN_OBJC_IMPLICIT_RETAIN_SELF = YES;
				CLANG_WARN_OBJC_LITERAL_CONVERSION = YES;
				CLANG_WARN_OBJC_ROOT_CLASS = YES_ERROR;
				CLANG_WARN_QUOTED_INCLUDE_IN_FRAMEWORK_HEADER = YES;
				CLANG_WARN_RANGE_LOOP_ANALYSIS = YES;
				CLANG_WARN_STRICT_PROTOTYPES = YES;
				CLANG_WARN_SUSPICIOUS_MOVE = YES;
				CLANG_WARN_UNGUARDED_AVAILABILITY = YES_AGGRESSIVE;
				CLANG_WARN_UNREACHABLE_CODE = YES;
				CLANG_WARN__DUPLICATE_METHOD_MATCH = YES;
				COPY_PHASE_STRIP = NO;
				DEBUG_INFORMATION_FORMAT = dwarf;
				ENABLE_STRICT_OBJC_MSGSEND = YES;
				ENABLE_TESTABILITY = YES;
				GCC_C_LANGUAGE_STANDARD = gnu11;
				GCC_DYNAMIC_NO_PIC = NO;
				GCC_NO_COMMON_BLOCKS = YES;
				GCC_OPTIMIZATION_LEVEL = 0;
				GCC_PREPROCESSOR_DEFINITIONS = (
					"DEBUG=1",
					"$(inherited)",
				);
				GCC_WARN_64_TO_32_BIT_CONVERSION = YES;
				GCC_WARN_ABOUT_RETURN_TYPE = YES_ERROR;
				GCC_WARN_UNDECLARED_SELECTOR = YES;
				GCC_WARN_UNINITIALIZED_AUTOS = YES_AGGRESSIVE;
				GCC_WARN_UNUSED_FUNCTION = YES;
				GCC_WARN_UNUSED_VARIABLE = YES;
				IPHONEOS_DEPLOYMENT_TARGET = 15.0;
				MTL_ENABLE_DEBUG_INFO = INCLUDE_SOURCE;
				MTL_FAST_MATH = YES;
				ONLY_ACTIVE_ARCH = YES;
				SDKROOT = iphoneos;
				SWIFT_ACTIVE_COMPILATION_CONDITIONS = DEBUG;
				SWIFT_OPTIMIZATION_LEVEL = "-Onone";
			};
			name = Debug;
		};
		FCEF4338270E37E10073E566 /* Release */ = {
			isa = XCBuildConfiguration;
			buildSettings = {
				ALWAYS_SEARCH_USER_PATHS = NO;
				CLANG_ANALYZER_LOCALIZABILITY_NONLOCALIZED = YES;
				CLANG_ANALYZER_NONNULL = YES;
				CLANG_ANALYZER_NUMBER_OBJECT_CONVERSION = YES_AGGRESSIVE;
				CLANG_CXX_LANGUAGE_STANDARD = "gnu++17";
				CLANG_CXX_LIBRARY = "libc++";
				CLANG_ENABLE_MODULES = YES;
				CLANG_ENABLE_OBJC_ARC = YES;
				CLANG_ENABLE_OBJC_WEAK = YES;
				CLANG_WARN_BLOCK_CAPTURE_AUTORELEASING = YES;
				CLANG_WARN_BOOL_CONVERSION = YES;
				CLANG_WARN_COMMA = YES;
				CLANG_WARN_CONSTANT_CONVERSION = YES;
				CLANG_WARN_DEPRECATED_OBJC_IMPLEMENTATIONS = YES;
				CLANG_WARN_DIRECT_OBJC_ISA_USAGE = YES_ERROR;
				CLANG_WARN_DOCUMENTATION_COMMENTS = YES;
				CLANG_WARN_EMPTY_BODY = YES;
				CLANG_WARN_ENUM_CONVERSION = YES;
				CLANG_WARN_INFINITE_RECURSION = YES;
				CLANG_WARN_INT_CONVERSION = YES;
				CLANG_WARN_NON_LITERAL_NULL_CONVERSION = YES;
				CLANG_WARN_OBJC_IMPLICIT_RETAIN_SELF = YES;
				CLANG_WARN_OBJC_LITERAL_CONVERSION = YES;
				CLANG_WARN_OBJC_ROOT_CLASS = YES_ERROR;
				CLANG_WARN_QUOTED_INCLUDE_IN_FRAMEWORK_HEADER = YES;
				CLANG_WARN_RANGE_LOOP_ANALYSIS = YES;
				CLANG_WARN_STRICT_PROTOTYPES = YES;
				CLANG_WARN_SUSPICIOUS_MOVE = YES;
				CLANG_WARN_UNGUARDED_AVAILABILITY = YES_AGGRESSIVE;
				CLANG_WARN_UNREACHABLE_CODE = YES;
				CLANG_WARN__DUPLICATE_METHOD_MATCH = YES;
				COPY_PHASE_STRIP = NO;
				DEBUG_INFORMATION_FORMAT = "dwarf-with-dsym";
				ENABLE_NS_ASSERTIONS = NO;
				ENABLE_STRICT_OBJC_MSGSEND = YES;
				GCC_C_LANGUAGE_STANDARD = gnu11;
				GCC_NO_COMMON_BLOCKS = YES;
				GCC_WARN_64_TO_32_BIT_CONVERSION = YES;
				GCC_WARN_ABOUT_RETURN_TYPE = YES_ERROR;
				GCC_WARN_UNDECLARED_SELECTOR = YES;
				GCC_WARN_UNINITIALIZED_AUTOS = YES_AGGRESSIVE;
				GCC_WARN_UNUSED_FUNCTION = YES;
				GCC_WARN_UNUSED_VARIABLE = YES;
				IPHONEOS_DEPLOYMENT_TARGET = 15.0;
				MTL_ENABLE_DEBUG_INFO = NO;
				MTL_FAST_MATH = YES;
				SDKROOT = iphoneos;
				SWIFT_COMPILATION_MODE = wholemodule;
				SWIFT_OPTIMIZATION_LEVEL = "-O";
				VALIDATE_PRODUCT = YES;
			};
			name = Release;
		};
		FCEF433A270E37E10073E566 /* Debug */ = {
			isa = XCBuildConfiguration;
			buildSettings = {
				ASSETCATALOG_COMPILER_APPICON_NAME = AppIcon;
				ASSETCATALOG_COMPILER_GLOBAL_ACCENT_COLOR_NAME = AccentColor;
				CODE_SIGN_STYLE = Automatic;
				CURRENT_PROJECT_VERSION = 1;
				DEVELOPMENT_ASSET_PATHS = "\"UEKSchedule/Preview Content\"";
				DEVELOPMENT_TEAM = 7TDCFNV5T6;
				ENABLE_PREVIEWS = YES;
				GENERATE_INFOPLIST_FILE = YES;
				INFOPLIST_FILE = UEKSchedule/Info.plist;
				INFOPLIST_KEY_UIApplicationSceneManifest_Generation = YES;
				INFOPLIST_KEY_UIApplicationSupportsIndirectInputEvents = YES;
				INFOPLIST_KEY_UILaunchScreen_Generation = YES;
				INFOPLIST_KEY_UISupportedInterfaceOrientations = UIInterfaceOrientationPortrait;
				INFOPLIST_KEY_UISupportedInterfaceOrientations_iPad = "UIInterfaceOrientationPortrait UIInterfaceOrientationPortraitUpsideDown UIInterfaceOrientationLandscapeLeft UIInterfaceOrientationLandscapeRight";
				INFOPLIST_KEY_UISupportedInterfaceOrientations_iPhone = "UIInterfaceOrientationPortrait UIInterfaceOrientationLandscapeLeft UIInterfaceOrientationLandscapeRight";
				IPHONEOS_DEPLOYMENT_TARGET = 15.0;
				LD_RUNPATH_SEARCH_PATHS = (
					"$(inherited)",
					"@executable_path/Frameworks",
				);
				MARKETING_VERSION = 1.0;
				PRODUCT_BUNDLE_IDENTIFIER = "sebastian-staszczyk.UEKSchedule";
				PRODUCT_NAME = "$(TARGET_NAME)";
				SWIFT_EMIT_LOC_STRINGS = YES;
				SWIFT_VERSION = 5.0;
				TARGETED_DEVICE_FAMILY = 1;
			};
			name = Debug;
		};
		FCEF433B270E37E10073E566 /* Release */ = {
			isa = XCBuildConfiguration;
			buildSettings = {
				ASSETCATALOG_COMPILER_APPICON_NAME = AppIcon;
				ASSETCATALOG_COMPILER_GLOBAL_ACCENT_COLOR_NAME = AccentColor;
				CODE_SIGN_STYLE = Automatic;
				CURRENT_PROJECT_VERSION = 1;
				DEVELOPMENT_ASSET_PATHS = "\"UEKSchedule/Preview Content\"";
				DEVELOPMENT_TEAM = 7TDCFNV5T6;
				ENABLE_PREVIEWS = YES;
				GENERATE_INFOPLIST_FILE = YES;
				INFOPLIST_FILE = UEKSchedule/Info.plist;
				INFOPLIST_KEY_UIApplicationSceneManifest_Generation = YES;
				INFOPLIST_KEY_UIApplicationSupportsIndirectInputEvents = YES;
				INFOPLIST_KEY_UILaunchScreen_Generation = YES;
				INFOPLIST_KEY_UISupportedInterfaceOrientations = UIInterfaceOrientationPortrait;
				INFOPLIST_KEY_UISupportedInterfaceOrientations_iPad = "UIInterfaceOrientationPortrait UIInterfaceOrientationPortraitUpsideDown UIInterfaceOrientationLandscapeLeft UIInterfaceOrientationLandscapeRight";
				INFOPLIST_KEY_UISupportedInterfaceOrientations_iPhone = "UIInterfaceOrientationPortrait UIInterfaceOrientationLandscapeLeft UIInterfaceOrientationLandscapeRight";
				IPHONEOS_DEPLOYMENT_TARGET = 15.0;
				LD_RUNPATH_SEARCH_PATHS = (
					"$(inherited)",
					"@executable_path/Frameworks",
				);
				MARKETING_VERSION = 1.0;
				PRODUCT_BUNDLE_IDENTIFIER = "sebastian-staszczyk.UEKSchedule";
				PRODUCT_NAME = "$(TARGET_NAME)";
				SWIFT_EMIT_LOC_STRINGS = YES;
				SWIFT_VERSION = 5.0;
				TARGETED_DEVICE_FAMILY = 1;
			};
			name = Release;
		};
/* End XCBuildConfiguration section */

/* Begin XCConfigurationList section */
		FCEF4326270E37DD0073E566 /* Build configuration list for PBXProject "UEKSchedule" */ = {
			isa = XCConfigurationList;
			buildConfigurations = (
				FCEF4337270E37E10073E566 /* Debug */,
				FCEF4338270E37E10073E566 /* Release */,
			);
			defaultConfigurationIsVisible = 0;
			defaultConfigurationName = Release;
		};
		FCEF4339270E37E10073E566 /* Build configuration list for PBXNativeTarget "UEKSchedule" */ = {
			isa = XCConfigurationList;
			buildConfigurations = (
				FCEF433A270E37E10073E566 /* Debug */,
				FCEF433B270E37E10073E566 /* Release */,
			);
			defaultConfigurationIsVisible = 0;
			defaultConfigurationName = Release;
		};
/* End XCConfigurationList section */

/* Begin XCRemoteSwiftPackageReference section */
		FCD9B3FB27369DBE002365B0 /* XCRemoteSwiftPackageReference "SSUtils" */ = {
			isa = XCRemoteSwiftPackageReference;
			repositoryURL = "https://github.com/SebastianStasz/SSUtils";
			requirement = {
				branch = master;
				kind = branch;
			};
		};
		FCF408CD2711DDF900F24340 /* XCRemoteSwiftPackageReference "SwiftSoup" */ = {
			isa = XCRemoteSwiftPackageReference;
			repositoryURL = "https://github.com/scinfu/SwiftSoup";
			requirement = {
				kind = upToNextMajorVersion;
				minimumVersion = 2.0.0;
			};
		};
/* End XCRemoteSwiftPackageReference section */

/* Begin XCSwiftPackageProductDependency section */
		FC1677F0273B09A1000F3005 /* UEKScheduleCoreData */ = {
			isa = XCSwiftPackageProductDependency;
			productName = UEKScheduleCoreData;
		};
		FCA281DF273B084F00483217 /* UEKScheduleCoreData */ = {
			isa = XCSwiftPackageProductDependency;
			productName = UEKScheduleCoreData;
		};
		FCD9B3FC27369DBE002365B0 /* SSUtils */ = {
			isa = XCSwiftPackageProductDependency;
			package = FCD9B3FB27369DBE002365B0 /* XCRemoteSwiftPackageReference "SSUtils" */;
			productName = SSUtils;
		};
		FCF408CE2711DDF900F24340 /* SwiftSoup */ = {
			isa = XCSwiftPackageProductDependency;
			package = FCF408CD2711DDF900F24340 /* XCRemoteSwiftPackageReference "SwiftSoup" */;
			productName = SwiftSoup;
		};
/* End XCSwiftPackageProductDependency section */
	};
	rootObject = FCEF4323270E37DD0073E566 /* Project object */;
}
